
Microsoft Visual Studio Solution File, Format Version 12.00
# Visual Studio 15
Project("{FAE04EC0-301F-11D3-BF4B-00C04F79EFBC}") = "Assembly-CSharp", "Assembly-CSharp.csproj", "{78611B1B-4D98-421F-047B-13B6D16B82F2}"
EndProject
Project("{FAE04EC0-301F-11D3-BF4B-00C04F79EFBC}") = "Hierarchy2.Runtime", "Hierarchy2.Runtime.csproj", "{A3527AA5-7C6C-654F-7592-9099BD728598}"
EndProject
Project("{FAE04EC0-301F-11D3-BF4B-00C04F79EFBC}") = "Hierarchy2.Editor", "Hierarchy2.Editor.csproj", "{1467991E-7A20-2754-FF2E-30502CAEE252}"
EndProject
Project("{FAE04EC0-301F-11D3-BF4B-00C04F79EFBC}") = "Assembly-CSharp-Editor", "Assembly-CSharp-Editor.csproj", "{BB1B3B8A-0482-4888-ABDD-FBA2992D849E}"
EndProject
Global
	GlobalSection(SolutionConfigurationPlatforms) = preSolution
		Debug|Any CPU = Debug|Any CPU
		Release|Any CPU = Release|Any CPU
	EndGlobalSection
	GlobalSection(ProjectConfigurationPlatforms) = postSolution
		{78611B1B-4D98-421F-047B-13B6D16B82F2}.Debug|Any CPU.ActiveCfg = Debug|Any CPU
		{78611B1B-4D98-421F-047B-13B6D16B82F2}.Debug|Any CPU.Build.0 = Debug|Any CPU
		{78611B1B-4D98-421F-047B-13B6D16B82F2}.Release|Any CPU.ActiveCfg = Release|Any CPU
		{78611B1B-4D98-421F-047B-13B6D16B82F2}.Release|Any CPU.Build.0 = Release|Any CPU
		{A3527AA5-7C6C-654F-7592-9099BD728598}.Debug|Any CPU.ActiveCfg = Debug|Any CPU
		{A3527AA5-7C6C-654F-7592-9099BD728598}.Debug|Any CPU.Build.0 = Debug|Any CPU
		{A3527AA5-7C6C-654F-7592-9099BD728598}.Release|Any CPU.ActiveCfg = Release|Any CPU
		{A3527AA5-7C6C-654F-7592-9099BD728598}.Release|Any CPU.Build.0 = Release|Any CPU
		{1467991E-7A20-2754-FF2E-30502CAEE252}.Debug|Any CPU.ActiveCfg = Debug|Any CPU
		{1467991E-7A20-2754-FF2E-30502CAEE252}.Debug|Any CPU.Build.0 = Debug|Any CPU
		{1467991E-7A20-2754-FF2E-30502CAEE252}.Release|Any CPU.ActiveCfg = Release|Any CPU
		{1467991E-7A20-2754-FF2E-30502CAEE252}.Release|Any CPU.Build.0 = Release|Any CPU
		{BB1B3B8A-0482-4888-ABDD-FBA2992D849E}.Debug|Any CPU.ActiveCfg = Debug|Any CPU
		{BB1B3B8A-0482-4888-ABDD-FBA2992D849E}.Debug|Any CPU.Build.0 = Debug|Any CPU
		{BB1B3B8A-0482-4888-ABDD-FBA2992D849E}.Release|Any CPU.ActiveCfg = Release|Any CPU
		{BB1B3B8A-0482-4888-ABDD-FBA2992D849E}.Release|Any CPU.Build.0 = Release|Any CPU
	EndGlobalSection
	GlobalSection(SolutionProperties) = preSolution
		HideSolutionNode = FALSE
	EndGlobalSection
EndGlobal
